// !$*UTF8*$!
{
	archiveVersion = 1;
	classes = {
	};
	objectVersion = 46;
	objects = {

/* Begin PBXBuildFile section */
		471F281413992C120056B171 /* PrimesUpTo1000.plist in Resources */ = {isa = PBXBuildFile; fileRef = 471F281313992C120056B171 /* PrimesUpTo1000.plist */; };
		472909E913A1446700FD1790 /* NewPrimeView.m in Sources */ = {isa = PBXBuildFile; fileRef = 472909E713A1446600FD1790 /* NewPrimeView.m */; };
		472909EA13A1446700FD1790 /* NewPrimeView.xib in Resources */ = {isa = PBXBuildFile; fileRef = 472909E813A1446700FD1790 /* NewPrimeView.xib */; };
		473F08571386DA6A00479C95 /* GradientGray.png in Resources */ = {isa = PBXBuildFile; fileRef = 473F08561386DA6A00479C95 /* GradientGray.png */; };
		473F085A1386DA7E00479C95 /* GrayPattern.png in Resources */ = {isa = PBXBuildFile; fileRef = 473F08591386DA7E00479C95 /* GrayPattern.png */; };
		475DC3921383C960006C2AD3 /* UIKit.framework in Frameworks */ = {isa = PBXBuildFile; fileRef = 475DC3911383C960006C2AD3 /* UIKit.framework */; };
		475DC3941383C960006C2AD3 /* Foundation.framework in Frameworks */ = {isa = PBXBuildFile; fileRef = 475DC3931383C960006C2AD3 /* Foundation.framework */; };
		475DC39C1383C960006C2AD3 /* InfoPlist.strings in Resources */ = {isa = PBXBuildFile; fileRef = 475DC39A1383C960006C2AD3 /* InfoPlist.strings */; };
		475DC39F1383C960006C2AD3 /* main.m in Sources */ = {isa = PBXBuildFile; fileRef = 475DC39E1383C960006C2AD3 /* main.m */; };
		4766355E138F9B4C00C01D50 /* DetailedKeyView.m in Sources */ = {isa = PBXBuildFile; fileRef = 4766355C138F9B4C00C01D50 /* DetailedKeyView.m */; };
		4766355F138F9B4C00C01D50 /* DetailedKeyView.xib in Resources */ = {isa = PBXBuildFile; fileRef = 4766355D138F9B4C00C01D50 /* DetailedKeyView.xib */; };
		47663563138FA27400C01D50 /* PrimeView.m in Sources */ = {isa = PBXBuildFile; fileRef = 47663561138FA27400C01D50 /* PrimeView.m */; };
		47663564138FA27400C01D50 /* PrimeView.xib in Resources */ = {isa = PBXBuildFile; fileRef = 47663562138FA27400C01D50 /* PrimeView.xib */; };
		4781ECAF13957FA100F7DF70 /* NewKeyView.m in Sources */ = {isa = PBXBuildFile; fileRef = 4781ECAD13957FA100F7DF70 /* NewKeyView.m */; };
		4781ECB013957FA100F7DF70 /* NewKeyView.xib in Resources */ = {isa = PBXBuildFile; fileRef = 4781ECAE13957FA100F7DF70 /* NewKeyView.xib */; };
		4781ECB813958EB000F7DF70 /* NewKeyNavigationView.m in Sources */ = {isa = PBXBuildFile; fileRef = 4781ECB613958EB000F7DF70 /* NewKeyNavigationView.m */; };
		4781ECB913958EB000F7DF70 /* NewKeyNavigationView.xib in Resources */ = {isa = PBXBuildFile; fileRef = 4781ECB713958EB000F7DF70 /* NewKeyNavigationView.xib */; };
		47964CFF13868567006BD316 /* KeyViewController.m in Sources */ = {isa = PBXBuildFile; fileRef = 47964CFD13868567006BD316 /* KeyViewController.m */; };
		47964D0013868567006BD316 /* KeyViewController.xib in Resources */ = {isa = PBXBuildFile; fileRef = 47964CFE13868567006BD316 /* KeyViewController.xib */; };
		47964D05138686DA006BD316 /* KeyTableViewCell.xib in Resources */ = {isa = PBXBuildFile; fileRef = 47964D04138686DA006BD316 /* KeyTableViewCell.xib */; };
		47B0994A138ECC61000CEAFB /* RSAAppDelegate.m in Sources */ = {isa = PBXBuildFile; fileRef = 47B09949138ECC61000CEAFB /* RSAAppDelegate.m */; };
		47B3B80F138506AC00DB8431 /* 30-key.png in Resources */ = {isa = PBXBuildFile; fileRef = 47B3B80E138506AC00DB8431 /* 30-key.png */; };
		47B3B8131385082700DB8431 /* rsa1.png in Resources */ = {isa = PBXBuildFile; fileRef = 47B3B8121385082700DB8431 /* rsa1.png */; };
		47B3B8151385083800DB8431 /* Default.png in Resources */ = {isa = PBXBuildFile; fileRef = 47B3B8141385083800DB8431 /* Default.png */; };
		47B3B84613850ABF00DB8431 /* 04-squiggle inverted.png in Resources */ = {isa = PBXBuildFile; fileRef = 47B3B84513850ABF00DB8431 /* 04-squiggle inverted.png */; };
		47B3B84813850ACB00DB8431 /* 04-squiggle.png in Resources */ = {isa = PBXBuildFile; fileRef = 47B3B84713850ACB00DB8431 /* 04-squiggle.png */; };
		47B3B84A13850B4600DB8431 /* 22-skull-n-bones.png in Resources */ = {isa = PBXBuildFile; fileRef = 47B3B84913850B4500DB8431 /* 22-skull-n-bones.png */; };
		47B3B8831385153000DB8431 /* MainWindow.xib in Resources */ = {isa = PBXBuildFile; fileRef = 47B3B8821385153000DB8431 /* MainWindow.xib */; };
		47D11690139299CB004DB278 /* convertbot-icon.png in Resources */ = {isa = PBXBuildFile; fileRef = 47D1168F139299CB004DB278 /* convertbot-icon.png */; };
		47D17BB213863A4A0042AFFB /* DecryptView.xib in Resources */ = {isa = PBXBuildFile; fileRef = 47D17BB113863A4A0042AFFB /* DecryptView.xib */; };
		47D17BB613863A540042AFFB /* DecryptViewController.m in Sources */ = {isa = PBXBuildFile; fileRef = 47D17BB513863A540042AFFB /* DecryptViewController.m */; };
		47E6BECF1396929800C56116 /* RSAKeysModel.xcdatamodeld in Sources */ = {isa = PBXBuildFile; fileRef = 47E6BECD1396929800C56116 /* RSAKeysModel.xcdatamodeld */; };
		47E6BED21396935400C56116 /* CoreData.framework in Frameworks */ = {isa = PBXBuildFile; fileRef = 47E6BED11396935400C56116 /* CoreData.framework */; };
		47E6BED5139695BD00C56116 /* RSAKeys.m in Sources */ = {isa = PBXBuildFile; fileRef = 47E6BED4139695BD00C56116 /* RSAKeys.m */; };
		47FE41EE13A35D0C00258E94 /* RSAKeyGenerator.m in Sources */ = {isa = PBXBuildFile; fileRef = 47FE41ED13A35D0C00258E94 /* RSAKeyGenerator.m */; };
		C8F5E4ED13852D6500ADC81F /* EncryptViewController.m in Sources */ = {isa = PBXBuildFile; fileRef = C8F5E4EB13852D6500ADC81F /* EncryptViewController.m */; };
		C8F5E4EE13852D6500ADC81F /* EncryptViewController.xib in Resources */ = {isa = PBXBuildFile; fileRef = C8F5E4EC13852D6500ADC81F /* EncryptViewController.xib */; };
/* End PBXBuildFile section */

/* Begin PBXFileReference section */
		471F281313992C120056B171 /* PrimesUpTo1000.plist */ = {isa = PBXFileReference; fileEncoding = 4; lastKnownFileType = text.plist.xml; path = PrimesUpTo1000.plist; sourceTree = "<group>"; };
		472909E613A1446600FD1790 /* NewPrimeView.h */ = {isa = PBXFileReference; fileEncoding = 4; lastKnownFileType = sourcecode.c.h; path = NewPrimeView.h; sourceTree = "<group>"; };
		472909E713A1446600FD1790 /* NewPrimeView.m */ = {isa = PBXFileReference; fileEncoding = 4; lastKnownFileType = sourcecode.c.objc; path = NewPrimeView.m; sourceTree = "<group>"; };
		472909E813A1446700FD1790 /* NewPrimeView.xib */ = {isa = PBXFileReference; fileEncoding = 4; lastKnownFileType = file.xib; path = NewPrimeView.xib; sourceTree = "<group>"; };
		473F08561386DA6A00479C95 /* GradientGray.png */ = {isa = PBXFileReference; lastKnownFileType = image.png; path = GradientGray.png; sourceTree = "<group>"; };
		473F08591386DA7E00479C95 /* GrayPattern.png */ = {isa = PBXFileReference; lastKnownFileType = image.png; path = GrayPattern.png; sourceTree = "<group>"; };
		475DC38D1383C960006C2AD3 /* RSA.app */ = {isa = PBXFileReference; explicitFileType = wrapper.application; includeInIndex = 0; path = RSA.app; sourceTree = BUILT_PRODUCTS_DIR; };
		475DC3911383C960006C2AD3 /* UIKit.framework */ = {isa = PBXFileReference; lastKnownFileType = wrapper.framework; name = UIKit.framework; path = System/Library/Frameworks/UIKit.framework; sourceTree = SDKROOT; };
		475DC3931383C960006C2AD3 /* Foundation.framework */ = {isa = PBXFileReference; lastKnownFileType = wrapper.framework; name = Foundation.framework; path = System/Library/Frameworks/Foundation.framework; sourceTree = SDKROOT; };
		475DC3951383C960006C2AD3 /* CoreGraphics.framework */ = {isa = PBXFileReference; lastKnownFileType = wrapper.framework; name = CoreGraphics.framework; path = System/Library/Frameworks/CoreGraphics.framework; sourceTree = SDKROOT; };
		475DC3991383C960006C2AD3 /* RSA-Info.plist */ = {isa = PBXFileReference; lastKnownFileType = text.plist.xml; path = "RSA-Info.plist"; sourceTree = "<group>"; };
		475DC39B1383C960006C2AD3 /* en */ = {isa = PBXFileReference; lastKnownFileType = text.plist.strings; name = en; path = en.lproj/InfoPlist.strings; sourceTree = "<group>"; };
		475DC39D1383C960006C2AD3 /* RSA-Prefix.pch */ = {isa = PBXFileReference; lastKnownFileType = sourcecode.c.h; path = "RSA-Prefix.pch"; sourceTree = "<group>"; };
		475DC39E1383C960006C2AD3 /* main.m */ = {isa = PBXFileReference; lastKnownFileType = sourcecode.c.objc; path = main.m; sourceTree = "<group>"; };
		4766355B138F9B4C00C01D50 /* DetailedKeyView.h */ = {isa = PBXFileReference; fileEncoding = 4; lastKnownFileType = sourcecode.c.h; name = DetailedKeyView.h; path = RSA.xcodeproj/DetailedKeyView.h; sourceTree = SOURCE_ROOT; };
		4766355C138F9B4C00C01D50 /* DetailedKeyView.m */ = {isa = PBXFileReference; fileEncoding = 4; lastKnownFileType = sourcecode.c.objc; name = DetailedKeyView.m; path = RSA.xcodeproj/DetailedKeyView.m; sourceTree = SOURCE_ROOT; };
		4766355D138F9B4C00C01D50 /* DetailedKeyView.xib */ = {isa = PBXFileReference; fileEncoding = 4; lastKnownFileType = file.xib; name = DetailedKeyView.xib; path = RSA.xcodeproj/DetailedKeyView.xib; sourceTree = SOURCE_ROOT; };
		47663560138FA27400C01D50 /* PrimeView.h */ = {isa = PBXFileReference; fileEncoding = 4; lastKnownFileType = sourcecode.c.h; path = PrimeView.h; sourceTree = "<group>"; };
		47663561138FA27400C01D50 /* PrimeView.m */ = {isa = PBXFileReference; fileEncoding = 4; lastKnownFileType = sourcecode.c.objc; path = PrimeView.m; sourceTree = "<group>"; };
		47663562138FA27400C01D50 /* PrimeView.xib */ = {isa = PBXFileReference; fileEncoding = 4; lastKnownFileType = file.xib; path = PrimeView.xib; sourceTree = "<group>"; };
		4781ECAC13957FA100F7DF70 /* NewKeyView.h */ = {isa = PBXFileReference; fileEncoding = 4; lastKnownFileType = sourcecode.c.h; path = NewKeyView.h; sourceTree = "<group>"; };
		4781ECAD13957FA100F7DF70 /* NewKeyView.m */ = {isa = PBXFileReference; fileEncoding = 4; lastKnownFileType = sourcecode.c.objc; path = NewKeyView.m; sourceTree = "<group>"; };
		4781ECAE13957FA100F7DF70 /* NewKeyView.xib */ = {isa = PBXFileReference; fileEncoding = 4; lastKnownFileType = file.xib; path = NewKeyView.xib; sourceTree = "<group>"; };
		4781ECB513958EAF00F7DF70 /* NewKeyNavigationView.h */ = {isa = PBXFileReference; fileEncoding = 4; lastKnownFileType = sourcecode.c.h; path = NewKeyNavigationView.h; sourceTree = "<group>"; };
		4781ECB613958EB000F7DF70 /* NewKeyNavigationView.m */ = {isa = PBXFileReference; fileEncoding = 4; lastKnownFileType = sourcecode.c.objc; path = NewKeyNavigationView.m; sourceTree = "<group>"; };
		4781ECB713958EB000F7DF70 /* NewKeyNavigationView.xib */ = {isa = PBXFileReference; fileEncoding = 4; lastKnownFileType = file.xib; path = NewKeyNavigationView.xib; sourceTree = "<group>"; };
		47964CFC13868567006BD316 /* KeyViewController.h */ = {isa = PBXFileReference; fileEncoding = 4; lastKnownFileType = sourcecode.c.h; name = KeyViewController.h; path = RSA.xcodeproj/KeyViewController.h; sourceTree = SOURCE_ROOT; };
		47964CFD13868567006BD316 /* KeyViewController.m */ = {isa = PBXFileReference; fileEncoding = 4; lastKnownFileType = sourcecode.c.objc; name = KeyViewController.m; path = RSA.xcodeproj/KeyViewController.m; sourceTree = SOURCE_ROOT; };
		47964CFE13868567006BD316 /* KeyViewController.xib */ = {isa = PBXFileReference; fileEncoding = 4; lastKnownFileType = file.xib; name = KeyViewController.xib; path = RSA.xcodeproj/KeyViewController.xib; sourceTree = SOURCE_ROOT; };
		47964D04138686DA006BD316 /* KeyTableViewCell.xib */ = {isa = PBXFileReference; fileEncoding = 4; lastKnownFileType = file.xib; path = KeyTableViewCell.xib; sourceTree = "<group>"; };
		47B09948138ECC61000CEAFB /* RSAAppDelegate.h */ = {isa = PBXFileReference; fileEncoding = 4; lastKnownFileType = sourcecode.c.h; path = RSAAppDelegate.h; sourceTree = "<group>"; };
		47B09949138ECC61000CEAFB /* RSAAppDelegate.m */ = {isa = PBXFileReference; fileEncoding = 4; lastKnownFileType = sourcecode.c.objc; path = RSAAppDelegate.m; sourceTree = "<group>"; };
		47B3B80E138506AC00DB8431 /* 30-key.png */ = {isa = PBXFileReference; lastKnownFileType = image.png; path = "30-key.png"; sourceTree = "<group>"; };
		47B3B8121385082700DB8431 /* rsa1.png */ = {isa = PBXFileReference; lastKnownFileType = image.png; path = rsa1.png; sourceTree = "<group>"; };
		47B3B8141385083800DB8431 /* Default.png */ = {isa = PBXFileReference; lastKnownFileType = image.png; path = Default.png; sourceTree = "<group>"; };
		47B3B84513850ABF00DB8431 /* 04-squiggle inverted.png */ = {isa = PBXFileReference; lastKnownFileType = image.png; path = "04-squiggle inverted.png"; sourceTree = "<group>"; };
		47B3B84713850ACB00DB8431 /* 04-squiggle.png */ = {isa = PBXFileReference; lastKnownFileType = image.png; path = "04-squiggle.png"; sourceTree = "<group>"; };
		47B3B84913850B4500DB8431 /* 22-skull-n-bones.png */ = {isa = PBXFileReference; lastKnownFileType = image.png; path = "22-skull-n-bones.png"; sourceTree = "<group>"; };
		47B3B8821385153000DB8431 /* MainWindow.xib */ = {isa = PBXFileReference; fileEncoding = 4; lastKnownFileType = file.xib; name = MainWindow.xib; path = ../MainWindow.xib; sourceTree = "<group>"; };
		47D1168F139299CB004DB278 /* convertbot-icon.png */ = {isa = PBXFileReference; lastKnownFileType = image.png; path = "convertbot-icon.png"; sourceTree = "<group>"; };
		47D17BB113863A4A0042AFFB /* DecryptView.xib */ = {isa = PBXFileReference; fileEncoding = 4; lastKnownFileType = file.xib; path = DecryptView.xib; sourceTree = "<group>"; };
		47D17BB413863A500042AFFB /* DecryptViewController.h */ = {isa = PBXFileReference; fileEncoding = 4; lastKnownFileType = sourcecode.c.h; path = DecryptViewController.h; sourceTree = "<group>"; };
		47D17BB513863A540042AFFB /* DecryptViewController.m */ = {isa = PBXFileReference; fileEncoding = 4; lastKnownFileType = sourcecode.c.objc; path = DecryptViewController.m; sourceTree = "<group>"; };
		47E6BECE1396929800C56116 /* RSAKeysModel.xcdatamodel */ = {isa = PBXFileReference; lastKnownFileType = wrapper.xcdatamodel; path = RSAKeysModel.xcdatamodel; sourceTree = "<group>"; };
		47E6BED11396935400C56116 /* CoreData.framework */ = {isa = PBXFileReference; lastKnownFileType = wrapper.framework; name = CoreData.framework; path = System/Library/Frameworks/CoreData.framework; sourceTree = SDKROOT; };
		47E6BED3139695BD00C56116 /* RSAKeys.h */ = {isa = PBXFileReference; fileEncoding = 4; lastKnownFileType = sourcecode.c.h; path = RSAKeys.h; sourceTree = "<group>"; };
		47E6BED4139695BD00C56116 /* RSAKeys.m */ = {isa = PBXFileReference; fileEncoding = 4; lastKnownFileType = sourcecode.c.objc; path = RSAKeys.m; sourceTree = "<group>"; };
		47FE41EC13A35D0C00258E94 /* RSAKeyGenerator.h */ = {isa = PBXFileReference; fileEncoding = 4; lastKnownFileType = sourcecode.c.h; path = RSAKeyGenerator.h; sourceTree = SOURCE_ROOT; };
		47FE41ED13A35D0C00258E94 /* RSAKeyGenerator.m */ = {isa = PBXFileReference; fileEncoding = 4; lastKnownFileType = sourcecode.c.objc; path = RSAKeyGenerator.m; sourceTree = SOURCE_ROOT; };
		C8F5E4EA13852D6500ADC81F /* EncryptViewController.h */ = {isa = PBXFileReference; fileEncoding = 4; lastKnownFileType = sourcecode.c.h; path = EncryptViewController.h; sourceTree = "<group>"; };
		C8F5E4EB13852D6500ADC81F /* EncryptViewController.m */ = {isa = PBXFileReference; fileEncoding = 4; lastKnownFileType = sourcecode.c.objc; path = EncryptViewController.m; sourceTree = "<group>"; };
		C8F5E4EC13852D6500ADC81F /* EncryptViewController.xib */ = {isa = PBXFileReference; fileEncoding = 4; lastKnownFileType = file.xib; path = EncryptViewController.xib; sourceTree = "<group>"; };
/* End PBXFileReference section */

/* Begin PBXFrameworksBuildPhase section */
		475DC38A1383C960006C2AD3 /* Frameworks */ = {
			isa = PBXFrameworksBuildPhase;
			buildActionMask = 2147483647;
			files = (
				47E6BED21396935400C56116 /* CoreData.framework in Frameworks */,
				475DC3921383C960006C2AD3 /* UIKit.framework in Frameworks */,
				475DC3941383C960006C2AD3 /* Foundation.framework in Frameworks */,
			);
			runOnlyForDeploymentPostprocessing = 0;
		};
/* End PBXFrameworksBuildPhase section */

/* Begin PBXGroup section */
		475DC3821383C95F006C2AD3 = {
			isa = PBXGroup;
			children = (
				47D1168F139299CB004DB278 /* convertbot-icon.png */,
				47B3B8141385083800DB8431 /* Default.png */,
				475DC3971383C960006C2AD3 /* RSA */,
				475DC3901383C960006C2AD3 /* Frameworks */,
				475DC38E1383C960006C2AD3 /* Products */,
			);
			sourceTree = "<group>";
		};
		475DC38E1383C960006C2AD3 /* Products */ = {
			isa = PBXGroup;
			children = (
				475DC38D1383C960006C2AD3 /* RSA.app */,
			);
			name = Products;
			sourceTree = "<group>";
		};
		475DC3901383C960006C2AD3 /* Frameworks */ = {
			isa = PBXGroup;
			children = (
				47E6BED11396935400C56116 /* CoreData.framework */,
				475DC3911383C960006C2AD3 /* UIKit.framework */,
				475DC3931383C960006C2AD3 /* Foundation.framework */,
				475DC3951383C960006C2AD3 /* CoreGraphics.framework */,
			);
			name = Frameworks;
			sourceTree = "<group>";
		};
		475DC3971383C960006C2AD3 /* RSA */ = {
			isa = PBXGroup;
			children = (
				47964D031386858C006BD316 /* Models */,
				47964D0213868583006BD316 /* Views */,
				47964D011386857B006BD316 /* Controllers */,
				475DC3981383C960006C2AD3 /* Supporting Files */,
			);
			path = RSA;
			sourceTree = "<group>";
		};
		475DC3981383C960006C2AD3 /* Supporting Files */ = {
			isa = PBXGroup;
			children = (
				473F08561386DA6A00479C95 /* GradientGray.png */,
				473F08591386DA7E00479C95 /* GrayPattern.png */,
				47B3B8121385082700DB8431 /* rsa1.png */,
				47B3B84913850B4500DB8431 /* 22-skull-n-bones.png */,
				47B3B84713850ACB00DB8431 /* 04-squiggle.png */,
				47B3B84513850ABF00DB8431 /* 04-squiggle inverted.png */,
				47B3B80E138506AC00DB8431 /* 30-key.png */,
				475DC3991383C960006C2AD3 /* RSA-Info.plist */,
				475DC39A1383C960006C2AD3 /* InfoPlist.strings */,
				475DC39D1383C960006C2AD3 /* RSA-Prefix.pch */,
				475DC39E1383C960006C2AD3 /* main.m */,
				471F281313992C120056B171 /* PrimesUpTo1000.plist */,
			);
			name = "Supporting Files";
			sourceTree = "<group>";
		};
		47663551138F99D800C01D50 /* Keys */ = {
			isa = PBXGroup;
			children = (
				4781ECB413957FDD00F7DF70 /* Key view controller */,
				4781ECB213957FC200F7DF70 /* Detailed key view */,
				4781ECB113957FAC00F7DF70 /* New key view */,
				4781ECB313957FD200F7DF70 /* Prime view */,
			);
			name = Keys;
			sourceTree = "<group>";
		};
		47663552138F99EA00C01D50 /* Decrypt */ = {
			isa = PBXGroup;
			children = (
				47D17BB413863A500042AFFB /* DecryptViewController.h */,
				47D17BB513863A540042AFFB /* DecryptViewController.m */,
			);
			name = Decrypt;
			sourceTree = "<group>";
		};
		47663553138F99F400C01D50 /* Encrypt */ = {
			isa = PBXGroup;
			children = (
				C8F5E4EA13852D6500ADC81F /* EncryptViewController.h */,
				C8F5E4EB13852D6500ADC81F /* EncryptViewController.m */,
			);
			name = Encrypt;
			sourceTree = "<group>";
		};
		47663554138F99FD00C01D50 /* Crack */ = {
			isa = PBXGroup;
			children = (
			);
			name = Crack;
			sourceTree = "<group>";
		};
		4781ECA813957EC100F7DF70 /* Keys view */ = {
			isa = PBXGroup;
			children = (
				472909E813A1446700FD1790 /* NewPrimeView.xib */,
				47964CFE13868567006BD316 /* KeyViewController.xib */,
				4766355D138F9B4C00C01D50 /* DetailedKeyView.xib */,
				47964D04138686DA006BD316 /* KeyTableViewCell.xib */,
				47663562138FA27400C01D50 /* PrimeView.xib */,
				4781ECAE13957FA100F7DF70 /* NewKeyView.xib */,
				4781ECB713958EB000F7DF70 /* NewKeyNavigationView.xib */,
			);
			name = "Keys view";
			sourceTree = "<group>";
		};
		4781ECAA13957ED800F7DF70 /* Decrypt view */ = {
			isa = PBXGroup;
			children = (
				47D17BB113863A4A0042AFFB /* DecryptView.xib */,
			);
			name = "Decrypt view";
			sourceTree = "<group>";
		};
		4781ECAB13957EF400F7DF70 /* Encrypt view */ = {
			isa = PBXGroup;
			children = (
				C8F5E4EC13852D6500ADC81F /* EncryptViewController.xib */,
			);
			name = "Encrypt view";
			sourceTree = "<group>";
		};
		4781ECB113957FAC00F7DF70 /* New key view */ = {
			isa = PBXGroup;
			children = (
				4781ECB513958EAF00F7DF70 /* NewKeyNavigationView.h */,
				4781ECB613958EB000F7DF70 /* NewKeyNavigationView.m */,
				4781ECAC13957FA100F7DF70 /* NewKeyView.h */,
				4781ECAD13957FA100F7DF70 /* NewKeyView.m */,
				472909E613A1446600FD1790 /* NewPrimeView.h */,
				472909E713A1446600FD1790 /* NewPrimeView.m */,
			);
			name = "New key view";
			sourceTree = "<group>";
		};
		4781ECB213957FC200F7DF70 /* Detailed key view */ = {
			isa = PBXGroup;
			children = (
				4766355B138F9B4C00C01D50 /* DetailedKeyView.h */,
				4766355C138F9B4C00C01D50 /* DetailedKeyView.m */,
			);
			name = "Detailed key view";
			sourceTree = "<group>";
		};
		4781ECB313957FD200F7DF70 /* Prime view */ = {
			isa = PBXGroup;
			children = (
				47663560138FA27400C01D50 /* PrimeView.h */,
				47663561138FA27400C01D50 /* PrimeView.m */,
			);
			name = "Prime view";
			sourceTree = "<group>";
		};
		4781ECB413957FDD00F7DF70 /* Key view controller */ = {
			isa = PBXGroup;
			children = (
				47964CFC13868567006BD316 /* KeyViewController.h */,
				47964CFD13868567006BD316 /* KeyViewController.m */,
			);
			name = "Key view controller";
			sourceTree = "<group>";
		};
		47964D011386857B006BD316 /* Controllers */ = {
			isa = PBXGroup;
			children = (
				47663554138F99FD00C01D50 /* Crack */,
				47663553138F99F400C01D50 /* Encrypt */,
				47663552138F99EA00C01D50 /* Decrypt */,
				47663551138F99D800C01D50 /* Keys */,
				47B09948138ECC61000CEAFB /* RSAAppDelegate.h */,
				47B09949138ECC61000CEAFB /* RSAAppDelegate.m */,
			);
			name = Controllers;
			sourceTree = "<group>";
		};
		47964D0213868583006BD316 /* Views */ = {
			isa = PBXGroup;
			children = (
				47B3B8821385153000DB8431 /* MainWindow.xib */,
				4781ECA813957EC100F7DF70 /* Keys view */,
				4781ECAB13957EF400F7DF70 /* Encrypt view */,
				4781ECAA13957ED800F7DF70 /* Decrypt view */,
			);
			name = Views;
			sourceTree = "<group>";
		};
		47964D031386858C006BD316 /* Models */ = {
			isa = PBXGroup;
			children = (
				47FE41F013A35D1700258E94 /* RSAKeyGenerator */,
				47E6BECD1396929800C56116 /* RSAKeysModel.xcdatamodeld */,
				47E6BED3139695BD00C56116 /* RSAKeys.h */,
				47E6BED4139695BD00C56116 /* RSAKeys.m */,
			);
			name = Models;
			sourceTree = "<group>";
		};
		47FE41F013A35D1700258E94 /* RSAKeyGenerator */ = {
			isa = PBXGroup;
			children = (
				47FE41EC13A35D0C00258E94 /* RSAKeyGenerator.h */,
				47FE41ED13A35D0C00258E94 /* RSAKeyGenerator.m */,
			);
			name = RSAKeyGenerator;
			sourceTree = "<group>";
		};
/* End PBXGroup section */

/* Begin PBXNativeTarget section */
		475DC38C1383C960006C2AD3 /* RSA */ = {
			isa = PBXNativeTarget;
			buildConfigurationList = 475DC3AE1383C960006C2AD3 /* Build configuration list for PBXNativeTarget "RSA" */;
			buildPhases = (
				475DC3891383C960006C2AD3 /* Sources */,
				475DC38A1383C960006C2AD3 /* Frameworks */,
				475DC38B1383C960006C2AD3 /* Resources */,
			);
			buildRules = (
			);
			dependencies = (
			);
			name = RSA;
			productName = RSA;
			productReference = 475DC38D1383C960006C2AD3 /* RSA.app */;
			productType = "com.apple.product-type.application";
		};
/* End PBXNativeTarget section */

/* Begin PBXProject section */
		475DC3841383C95F006C2AD3 /* Project object */ = {
			isa = PBXProject;
			buildConfigurationList = 475DC3871383C95F006C2AD3 /* Build configuration list for PBXProject "RSA" */;
			compatibilityVersion = "Xcode 3.2";
			developmentRegion = English;
			hasScannedForEncodings = 0;
			knownRegions = (
				en,
			);
			mainGroup = 475DC3821383C95F006C2AD3;
			productRefGroup = 475DC38E1383C960006C2AD3 /* Products */;
			projectDirPath = "";
			projectRoot = "";
			targets = (
				475DC38C1383C960006C2AD3 /* RSA */,
			);
		};
/* End PBXProject section */

/* Begin PBXResourcesBuildPhase section */
		475DC38B1383C960006C2AD3 /* Resources */ = {
			isa = PBXResourcesBuildPhase;
			buildActionMask = 2147483647;
			files = (
				475DC39C1383C960006C2AD3 /* InfoPlist.strings in Resources */,
				47B3B80F138506AC00DB8431 /* 30-key.png in Resources */,
				47B3B8131385082700DB8431 /* rsa1.png in Resources */,
				47B3B8151385083800DB8431 /* Default.png in Resources */,
				47B3B84613850ABF00DB8431 /* 04-squiggle inverted.png in Resources */,
				47B3B84813850ACB00DB8431 /* 04-squiggle.png in Resources */,
				47B3B84A13850B4600DB8431 /* 22-skull-n-bones.png in Resources */,
				47B3B8831385153000DB8431 /* MainWindow.xib in Resources */,
				C8F5E4EE13852D6500ADC81F /* EncryptViewController.xib in Resources */,
				47D17BB213863A4A0042AFFB /* DecryptView.xib in Resources */,
				47964D0013868567006BD316 /* KeyViewController.xib in Resources */,
				47964D05138686DA006BD316 /* KeyTableViewCell.xib in Resources */,
				473F08571386DA6A00479C95 /* GradientGray.png in Resources */,
				473F085A1386DA7E00479C95 /* GrayPattern.png in Resources */,
				4766355F138F9B4C00C01D50 /* DetailedKeyView.xib in Resources */,
				47663564138FA27400C01D50 /* PrimeView.xib in Resources */,
				47D11690139299CB004DB278 /* convertbot-icon.png in Resources */,
				4781ECB013957FA100F7DF70 /* NewKeyView.xib in Resources */,
				4781ECB913958EB000F7DF70 /* NewKeyNavigationView.xib in Resources */,
				471F281413992C120056B171 /* PrimesUpTo1000.plist in Resources */,
				472909EA13A1446700FD1790 /* NewPrimeView.xib in Resources */,
			);
			runOnlyForDeploymentPostprocessing = 0;
		};
/* End PBXResourcesBuildPhase section */

/* Begin PBXSourcesBuildPhase section */
		475DC3891383C960006C2AD3 /* Sources */ = {
			isa = PBXSourcesBuildPhase;
			buildActionMask = 2147483647;
			files = (
				475DC39F1383C960006C2AD3 /* main.m in Sources */,
				C8F5E4ED13852D6500ADC81F /* EncryptViewController.m in Sources */,
				47D17BB613863A540042AFFB /* DecryptViewController.m in Sources */,
				47964CFF13868567006BD316 /* KeyViewController.m in Sources */,
				47B0994A138ECC61000CEAFB /* RSAAppDelegate.m in Sources */,
				4766355E138F9B4C00C01D50 /* DetailedKeyView.m in Sources */,
				47663563138FA27400C01D50 /* PrimeView.m in Sources */,
				4781ECAF13957FA100F7DF70 /* NewKeyView.m in Sources */,
				4781ECB813958EB000F7DF70 /* NewKeyNavigationView.m in Sources */,
				47E6BECF1396929800C56116 /* RSAKeysModel.xcdatamodeld in Sources */,
				47E6BED5139695BD00C56116 /* RSAKeys.m in Sources */,
				472909E913A1446700FD1790 /* NewPrimeView.m in Sources */,
				47FE41EE13A35D0C00258E94 /* RSAKeyGenerator.m in Sources */,
			);
			runOnlyForDeploymentPostprocessing = 0;
		};
/* End PBXSourcesBuildPhase section */

/* Begin PBXVariantGroup section */
		475DC39A1383C960006C2AD3 /* InfoPlist.strings */ = {
			isa = PBXVariantGroup;
			children = (
				475DC39B1383C960006C2AD3 /* en */,
			);
			name = InfoPlist.strings;
			sourceTree = "<group>";
		};
/* End PBXVariantGroup section */

/* Begin XCBuildConfiguration section */
		475DC3AC1383C960006C2AD3 /* Debug */ = {
			isa = XCBuildConfiguration;
			buildSettings = {
				ARCHS = "$(ARCHS_STANDARD_32_BIT)";
				"CODE_SIGN_IDENTITY[sdk=iphoneos*]" = "iPhone Developer: Marcel Boersma (424BL8GTYH)";
				GCC_C_LANGUAGE_STANDARD = gnu99;
				GCC_OPTIMIZATION_LEVEL = 0;
				GCC_PREPROCESSOR_DEFINITIONS = DEBUG;
				GCC_VERSION = com.apple.compilers.llvmgcc42;
				GCC_WARN_ABOUT_RETURN_TYPE = YES;
				GCC_WARN_UNUSED_VARIABLE = YES;
				IPHONEOS_DEPLOYMENT_TARGET = 4.1;
				"PROVISIONING_PROFILE[sdk=iphoneos*]" = "DBD1BD29-43E0-46B5-B475-C0D02BAD3499";
				SDKROOT = iphoneos;
			};
			name = Debug;
		};
		475DC3AD1383C960006C2AD3 /* Release */ = {
			isa = XCBuildConfiguration;
			buildSettings = {
				ARCHS = "$(ARCHS_STANDARD_32_BIT)";
				"CODE_SIGN_IDENTITY[sdk=iphoneos*]" = "iPhone Developer";
				GCC_C_LANGUAGE_STANDARD = gnu99;
				GCC_VERSION = com.apple.compilers.llvmgcc42;
				GCC_WARN_ABOUT_RETURN_TYPE = YES;
				GCC_WARN_UNUSED_VARIABLE = YES;
				IPHONEOS_DEPLOYMENT_TARGET = 4.1;
				OTHER_CFLAGS = "-DNS_BLOCK_ASSERTIONS=1";
				SDKROOT = iphoneos;
			};
			name = Release;
		};
		475DC3AF1383C960006C2AD3 /* Debug */ = {
			isa = XCBuildConfiguration;
			buildSettings = {
				ALWAYS_SEARCH_USER_PATHS = NO;
				COPY_PHASE_STRIP = NO;
				GCC_DYNAMIC_NO_PIC = NO;
				GCC_PRECOMPILE_PREFIX_HEADER = YES;
				GCC_PREFIX_HEADER = "RSA/RSA-Prefix.pch";
				INFOPLIST_FILE = "RSA/RSA-Info.plist";
				INSTALL_PATH = "$(LOCAL_APPS_DIR)";
				IPHONEOS_DEPLOYMENT_TARGET = 4.1;
				PRODUCT_NAME = "$(TARGET_NAME)";
				TARGETED_DEVICE_FAMILY = 1;
				WRAPPER_EXTENSION = app;
			};
			name = Debug;
		};
		475DC3B01383C960006C2AD3 /* Release */ = {
			isa = XCBuildConfiguration;
			buildSettings = {
				ALWAYS_SEARCH_USER_PATHS = NO;
				COPY_PHASE_STRIP = YES;
				GCC_PRECOMPILE_PREFIX_HEADER = YES;
				GCC_PREFIX_HEADER = "RSA/RSA-Prefix.pch";
				INFOPLIST_FILE = "RSA/RSA-Info.plist";
				INSTALL_PATH = "$(LOCAL_APPS_DIR)";
				IPHONEOS_DEPLOYMENT_TARGET = 4.1;
				PRODUCT_NAME = "$(TARGET_NAME)";
				TARGETED_DEVICE_FAMILY = 1;
				VALIDATE_PRODUCT = YES;
				WRAPPER_EXTENSION = app;
			};
			name = Release;
		};
/* End XCBuildConfiguration section */

/* Begin XCConfigurationList section */
		475DC3871383C95F006C2AD3 /* Build configuration list for PBXProject "RSA" */ = {
			isa = XCConfigurationList;
			buildConfigurations = (
				475DC3AC1383C960006C2AD3 /* Debug */,
				475DC3AD1383C960006C2AD3 /* Release */,
			);
			defaultConfigurationIsVisible = 0;
			defaultConfigurationName = Release;
		};
		475DC3AE1383C960006C2AD3 /* Build configuration list for PBXNativeTarget "RSA" */ = {
			isa = XCConfigurationList;
			buildConfigurations = (
				475DC3AF1383C960006C2AD3 /* Debug */,
				475DC3B01383C960006C2AD3 /* Release */,
			);
			defaultConfigurationIsVisible = 0;
			defaultConfigurationName = Release;
		};
/* End XCConfigurationList section */

/* Begin XCVersionGroup section */
		47E6BECD1396929800C56116 /* RSAKeysModel.xcdatamodeld */ = {
			isa = XCVersionGroup;
			children = (
				47E6BECE1396929800C56116 /* RSAKeysModel.xcdatamodel */,
			);
			currentVersion = 47E6BECE1396929800C56116 /* RSAKeysModel.xcdatamodel */;
			path = RSAKeysModel.xcdatamodeld;
			sourceTree = "<group>";
			versionGroupType = wrapper.xcdatamodel;
		};
/* End XCVersionGroup section */
	};
	rootObject = 475DC3841383C95F006C2AD3 /* Project object */;
}
